// !$*UTF8*$!
{
	archiveVersion = 1;
	classes = {
	};
	objectVersion = 50;
	objects = {

/* Begin PBXBuildFile section */
		684F23028FE4C37264226C6E /* Pods_ProjectBeetz.framework in Frameworks */ = {isa = PBXBuildFile; fileRef = F5B67AEC3420D9E99A8454E8 /* Pods_ProjectBeetz.framework */; };
		A4108B47221EC7CA00D2CE2C /* AppDelegate.swift in Sources */ = {isa = PBXBuildFile; fileRef = A4108B46221EC7CA00D2CE2C /* AppDelegate.swift */; };
		A4108B49221EC7CA00D2CE2C /* WelcomeViewController.swift in Sources */ = {isa = PBXBuildFile; fileRef = A4108B48221EC7CA00D2CE2C /* WelcomeViewController.swift */; };
		A4108B4C221EC7CA00D2CE2C /* Main.storyboard in Resources */ = {isa = PBXBuildFile; fileRef = A4108B4A221EC7CA00D2CE2C /* Main.storyboard */; };
		A4108B4E221EC7CB00D2CE2C /* Assets.xcassets in Resources */ = {isa = PBXBuildFile; fileRef = A4108B4D221EC7CB00D2CE2C /* Assets.xcassets */; };
		A4108B51221EC7CB00D2CE2C /* LaunchScreen.storyboard in Resources */ = {isa = PBXBuildFile; fileRef = A4108B4F221EC7CB00D2CE2C /* LaunchScreen.storyboard */; };
		A4108B59221ECBD700D2CE2C /* GoogleService-Info.plist in Resources */ = {isa = PBXBuildFile; fileRef = A4108B58221ECBD700D2CE2C /* GoogleService-Info.plist */; };
		A4108B5B221ED2EC00D2CE2C /* LoginViewController.swift in Sources */ = {isa = PBXBuildFile; fileRef = A4108B5A221ED2EC00D2CE2C /* LoginViewController.swift */; };
		A4108B5D221EDFCE00D2CE2C /* RegisterViewController.swift in Sources */ = {isa = PBXBuildFile; fileRef = A4108B5C221EDFCE00D2CE2C /* RegisterViewController.swift */; };
		A4108B5F221EE1E100D2CE2C /* DistributionViewController.swift in Sources */ = {isa = PBXBuildFile; fileRef = A4108B5E221EE1E100D2CE2C /* DistributionViewController.swift */; };
		A4108B61221EEA3F00D2CE2C /* EnrollmentViewController.swift in Sources */ = {isa = PBXBuildFile; fileRef = A4108B60221EEA3F00D2CE2C /* EnrollmentViewController.swift */; };
		A4108B662220700900D2CE2C /* Constants.swift in Sources */ = {isa = PBXBuildFile; fileRef = A4108B652220700800D2CE2C /* Constants.swift */; };
		A44F971B2221A2780063A2AB /* coin.png in Resources */ = {isa = PBXBuildFile; fileRef = A44F97192221A2770063A2AB /* coin.png */; };
		A44F971C2221A2780063A2AB /* beet.png in Resources */ = {isa = PBXBuildFile; fileRef = A44F971A2221A2770063A2AB /* beet.png */; };
/* End PBXBuildFile section */

/* Begin PBXFileReference section */
		A4108B43221EC7CA00D2CE2C /* ProjectBeetz.app */ = {isa = PBXFileReference; explicitFileType = wrapper.application; includeInIndex = 0; path = ProjectBeetz.app; sourceTree = BUILT_PRODUCTS_DIR; };
		A4108B46221EC7CA00D2CE2C /* AppDelegate.swift */ = {isa = PBXFileReference; lastKnownFileType = sourcecode.swift; path = AppDelegate.swift; sourceTree = "<group>"; };
		A4108B48221EC7CA00D2CE2C /* WelcomeViewController.swift */ = {isa = PBXFileReference; lastKnownFileType = sourcecode.swift; path = WelcomeViewController.swift; sourceTree = "<group>"; };
		A4108B4B221EC7CA00D2CE2C /* Base */ = {isa = PBXFileReference; lastKnownFileType = file.storyboard; name = Base; path = Base.lproj/Main.storyboard; sourceTree = "<group>"; };
		A4108B4D221EC7CB00D2CE2C /* Assets.xcassets */ = {isa = PBXFileReference; lastKnownFileType = folder.assetcatalog; path = Assets.xcassets; sourceTree = "<group>"; };
		A4108B50221EC7CB00D2CE2C /* Base */ = {isa = PBXFileReference; lastKnownFileType = file.storyboard; name = Base; path = Base.lproj/LaunchScreen.storyboard; sourceTree = "<group>"; };
		A4108B52221EC7CB00D2CE2C /* Info.plist */ = {isa = PBXFileReference; lastKnownFileType = text.plist.xml; path = Info.plist; sourceTree = "<group>"; };
		A4108B58221ECBD700D2CE2C /* GoogleService-Info.plist */ = {isa = PBXFileReference; fileEncoding = 4; lastKnownFileType = text.plist.xml; path = "GoogleService-Info.plist"; sourceTree = "<group>"; };
		A4108B5A221ED2EC00D2CE2C /* LoginViewController.swift */ = {isa = PBXFileReference; lastKnownFileType = sourcecode.swift; path = LoginViewController.swift; sourceTree = "<group>"; };
		A4108B5C221EDFCE00D2CE2C /* RegisterViewController.swift */ = {isa = PBXFileReference; lastKnownFileType = sourcecode.swift; path = RegisterViewController.swift; sourceTree = "<group>"; };
		A4108B5E221EE1E100D2CE2C /* DistributionViewController.swift */ = {isa = PBXFileReference; lastKnownFileType = sourcecode.swift; path = DistributionViewController.swift; sourceTree = "<group>"; };
		A4108B60221EEA3F00D2CE2C /* EnrollmentViewController.swift */ = {isa = PBXFileReference; lastKnownFileType = sourcecode.swift; path = EnrollmentViewController.swift; sourceTree = "<group>"; };
		A4108B652220700800D2CE2C /* Constants.swift */ = {isa = PBXFileReference; fileEncoding = 4; lastKnownFileType = sourcecode.swift; path = Constants.swift; sourceTree = "<group>"; };
		A44F97192221A2770063A2AB /* coin.png */ = {isa = PBXFileReference; lastKnownFileType = image.png; path = coin.png; sourceTree = "<group>"; };
		A44F971A2221A2770063A2AB /* beet.png */ = {isa = PBXFileReference; lastKnownFileType = image.png; path = beet.png; sourceTree = "<group>"; };
		E067FC7FC060755CC68C54FB /* Pods-ProjectBeetz.debug.xcconfig */ = {isa = PBXFileReference; includeInIndex = 1; lastKnownFileType = text.xcconfig; name = "Pods-ProjectBeetz.debug.xcconfig"; path = "Pods/Target Support Files/Pods-ProjectBeetz/Pods-ProjectBeetz.debug.xcconfig"; sourceTree = "<group>"; };
		F38066E879D6E615D85BF696 /* Pods-ProjectBeetz.release.xcconfig */ = {isa = PBXFileReference; includeInIndex = 1; lastKnownFileType = text.xcconfig; name = "Pods-ProjectBeetz.release.xcconfig"; path = "Pods/Target Support Files/Pods-ProjectBeetz/Pods-ProjectBeetz.release.xcconfig"; sourceTree = "<group>"; };
		F5B67AEC3420D9E99A8454E8 /* Pods_ProjectBeetz.framework */ = {isa = PBXFileReference; explicitFileType = wrapper.framework; includeInIndex = 0; path = Pods_ProjectBeetz.framework; sourceTree = BUILT_PRODUCTS_DIR; };
/* End PBXFileReference section */

/* Begin PBXFrameworksBuildPhase section */
		A4108B40221EC7CA00D2CE2C /* Frameworks */ = {
			isa = PBXFrameworksBuildPhase;
			buildActionMask = 2147483647;
			files = (
				684F23028FE4C37264226C6E /* Pods_ProjectBeetz.framework in Frameworks */,
			);
			runOnlyForDeploymentPostprocessing = 0;
		};
/* End PBXFrameworksBuildPhase section */

/* Begin PBXGroup section */
		2C141A7E1DF85933A5872048 /* Pods */ = {
			isa = PBXGroup;
			children = (
				E067FC7FC060755CC68C54FB /* Pods-ProjectBeetz.debug.xcconfig */,
				F38066E879D6E615D85BF696 /* Pods-ProjectBeetz.release.xcconfig */,
			);
			name = Pods;
			sourceTree = "<group>";
		};
		A4108B3A221EC7CA00D2CE2C = {
			isa = PBXGroup;
			children = (
				A4108B45221EC7CA00D2CE2C /* ProjectBeetz */,
				A4108B44221EC7CA00D2CE2C /* Products */,
				2C141A7E1DF85933A5872048 /* Pods */,
				C578C2D9052FFB79F8BA38A5 /* Frameworks */,
			);
			sourceTree = "<group>";
		};
		A4108B44221EC7CA00D2CE2C /* Products */ = {
			isa = PBXGroup;
			children = (
				A4108B43221EC7CA00D2CE2C /* ProjectBeetz.app */,
			);
			name = Products;
			sourceTree = "<group>";
		};
		A4108B45221EC7CA00D2CE2C /* ProjectBeetz */ = {
			isa = PBXGroup;
			children = (
				A4108B64221EF27600D2CE2C /* Controller */,
				A4108B63221EF26F00D2CE2C /* View */,
				A4108B62221EF26500D2CE2C /* Model */,
				A4108B4D221EC7CB00D2CE2C /* Assets.xcassets */,
				A44F971A2221A2770063A2AB /* beet.png */,
				A44F97192221A2770063A2AB /* coin.png */,
				A4108B52221EC7CB00D2CE2C /* Info.plist */,
				A4108B58221ECBD700D2CE2C /* GoogleService-Info.plist */,
			);
			path = ProjectBeetz;
			sourceTree = "<group>";
		};
		A4108B62221EF26500D2CE2C /* Model */ = {
			isa = PBXGroup;
			children = (
			);
			path = Model;
			sourceTree = "<group>";
		};
		A4108B63221EF26F00D2CE2C /* View */ = {
			isa = PBXGroup;
			children = (
				A4108B4F221EC7CB00D2CE2C /* LaunchScreen.storyboard */,
				A4108B4A221EC7CA00D2CE2C /* Main.storyboard */,
			);
			path = View;
			sourceTree = "<group>";
		};
		A4108B64221EF27600D2CE2C /* Controller */ = {
			isa = PBXGroup;
			children = (
				A4108B652220700800D2CE2C /* Constants.swift */,
				A4108B46221EC7CA00D2CE2C /* AppDelegate.swift */,
				A4108B48221EC7CA00D2CE2C /* WelcomeViewController.swift */,
				A4108B5A221ED2EC00D2CE2C /* LoginViewController.swift */,
				A4108B5C221EDFCE00D2CE2C /* RegisterViewController.swift */,
				A4108B5E221EE1E100D2CE2C /* DistributionViewController.swift */,
				A4108B60221EEA3F00D2CE2C /* EnrollmentViewController.swift */,
			);
			path = Controller;
			sourceTree = "<group>";
		};
		C578C2D9052FFB79F8BA38A5 /* Frameworks */ = {
			isa = PBXGroup;
			children = (
				F5B67AEC3420D9E99A8454E8 /* Pods_ProjectBeetz.framework */,
			);
			name = Frameworks;
			sourceTree = "<group>";
		};
/* End PBXGroup section */

/* Begin PBXNativeTarget section */
		A4108B42221EC7CA00D2CE2C /* ProjectBeetz */ = {
			isa = PBXNativeTarget;
			buildConfigurationList = A4108B55221EC7CB00D2CE2C /* Build configuration list for PBXNativeTarget "ProjectBeetz" */;
			buildPhases = (
				DDDA85FDC01123F44197BDB7 /* [CP] Check Pods Manifest.lock */,
				A4108B3F221EC7CA00D2CE2C /* Sources */,
				A4108B40221EC7CA00D2CE2C /* Frameworks */,
				A4108B41221EC7CA00D2CE2C /* Resources */,
				476C90C2C618F0AECA7A6383 /* [CP] Embed Pods Frameworks */,
			);
			buildRules = (
			);
			dependencies = (
			);
			name = ProjectBeetz;
			productName = ProjectBeetz;
			productReference = A4108B43221EC7CA00D2CE2C /* ProjectBeetz.app */;
			productType = "com.apple.product-type.application";
		};
/* End PBXNativeTarget section */

/* Begin PBXProject section */
		A4108B3B221EC7CA00D2CE2C /* Project object */ = {
			isa = PBXProject;
			attributes = {
				LastSwiftUpdateCheck = 1010;
				LastUpgradeCheck = 1010;
				ORGANIZATIONNAME = "Aaron Lee";
				TargetAttributes = {
					A4108B42221EC7CA00D2CE2C = {
						CreatedOnToolsVersion = 10.1;
					};
				};
			};
			buildConfigurationList = A4108B3E221EC7CA00D2CE2C /* Build configuration list for PBXProject "ProjectBeetz" */;
			compatibilityVersion = "Xcode 9.3";
			developmentRegion = en;
			hasScannedForEncodings = 0;
			knownRegions = (
				en,
				Base,
			);
			mainGroup = A4108B3A221EC7CA00D2CE2C;
			productRefGroup = A4108B44221EC7CA00D2CE2C /* Products */;
			projectDirPath = "";
			projectRoot = "";
			targets = (
				A4108B42221EC7CA00D2CE2C /* ProjectBeetz */,
			);
		};
/* End PBXProject section */

/* Begin PBXResourcesBuildPhase section */
		A4108B41221EC7CA00D2CE2C /* Resources */ = {
			isa = PBXResourcesBuildPhase;
			buildActionMask = 2147483647;
			files = (
				A4108B59221ECBD700D2CE2C /* GoogleService-Info.plist in Resources */,
				A44F971B2221A2780063A2AB /* coin.png in Resources */,
				A4108B51221EC7CB00D2CE2C /* LaunchScreen.storyboard in Resources */,
				A4108B4E221EC7CB00D2CE2C /* Assets.xcassets in Resources */,
				A4108B4C221EC7CA00D2CE2C /* Main.storyboard in Resources */,
				A44F971C2221A2780063A2AB /* beet.png in Resources */,
			);
			runOnlyForDeploymentPostprocessing = 0;
		};
/* End PBXResourcesBuildPhase section */

/* Begin PBXShellScriptBuildPhase section */
		476C90C2C618F0AECA7A6383 /* [CP] Embed Pods Frameworks */ = {
			isa = PBXShellScriptBuildPhase;
			buildActionMask = 2147483647;
			files = (
			);
			inputFileListPaths = (
			);
			inputPaths = (
				"${SRCROOT}/Pods/Target Support Files/Pods-ProjectBeetz/Pods-ProjectBeetz-frameworks.sh",
				"${BUILT_PRODUCTS_DIR}/BoringSSL-GRPC/openssl_grpc.framework",
				"${BUILT_PRODUCTS_DIR}/ChameleonFramework/ChameleonFramework.framework",
				"${BUILT_PRODUCTS_DIR}/GTMSessionFetcher/GTMSessionFetcher.framework",
				"${BUILT_PRODUCTS_DIR}/GoogleUtilities/GoogleUtilities.framework",
				"${BUILT_PRODUCTS_DIR}/Protobuf/Protobuf.framework",
				"${BUILT_PRODUCTS_DIR}/SVProgressHUD/SVProgressHUD.framework",
				"${BUILT_PRODUCTS_DIR}/gRPC-C++/grpcpp.framework",
				"${BUILT_PRODUCTS_DIR}/gRPC-Core/grpc.framework",
				"${BUILT_PRODUCTS_DIR}/leveldb-library/leveldb.framework",
				"${BUILT_PRODUCTS_DIR}/nanopb/nanopb.framework",
			);
			name = "[CP] Embed Pods Frameworks";
			outputFileListPaths = (
			);
			outputPaths = (
				"${TARGET_BUILD_DIR}/${FRAMEWORKS_FOLDER_PATH}/openssl_grpc.framework",
				"${TARGET_BUILD_DIR}/${FRAMEWORKS_FOLDER_PATH}/ChameleonFramework.framework",
				"${TARGET_BUILD_DIR}/${FRAMEWORKS_FOLDER_PATH}/GTMSessionFetcher.framework",
				"${TARGET_BUILD_DIR}/${FRAMEWORKS_FOLDER_PATH}/GoogleUtilities.framework",
				"${TARGET_BUILD_DIR}/${FRAMEWORKS_FOLDER_PATH}/Protobuf.framework",
				"${TARGET_BUILD_DIR}/${FRAMEWORKS_FOLDER_PATH}/SVProgressHUD.framework",
				"${TARGET_BUILD_DIR}/${FRAMEWORKS_FOLDER_PATH}/grpcpp.framework",
				"${TARGET_BUILD_DIR}/${FRAMEWORKS_FOLDER_PATH}/grpc.framework",
				"${TARGET_BUILD_DIR}/${FRAMEWORKS_FOLDER_PATH}/leveldb.framework",
				"${TARGET_BUILD_DIR}/${FRAMEWORKS_FOLDER_PATH}/nanopb.framework",
			);
			runOnlyForDeploymentPostprocessing = 0;
			shellPath = /bin/sh;
			shellScript = "\"${SRCROOT}/Pods/Target Support Files/Pods-ProjectBeetz/Pods-ProjectBeetz-frameworks.sh\"\n";
			showEnvVarsInLog = 0;
		};
		DDDA85FDC01123F44197BDB7 /* [CP] Check Pods Manifest.lock */ = {
			isa = PBXShellScriptBuildPhase;
			buildActionMask = 2147483647;
			files = (
			);
			inputFileListPaths = (
			);
			inputPaths = (
				"${PODS_PODFILE_DIR_PATH}/Podfile.lock",
				"${PODS_ROOT}/Manifest.lock",
			);
			name = "[CP] Check Pods Manifest.lock";
			outputFileListPaths = (
			);
			outputPaths = (
				"$(DERIVED_FILE_DIR)/Pods-ProjectBeetz-checkManifestLockResult.txt",
			);
			runOnlyForDeploymentPostprocessing = 0;
			shellPath = /bin/sh;
			shellScript = "diff \"${PODS_PODFILE_DIR_PATH}/Podfile.lock\" \"${PODS_ROOT}/Manifest.lock\" > /dev/null\nif [ $? != 0 ] ; then\n    # print error to STDERR\n    echo \"error: The sandbox is not in sync with the Podfile.lock. Run 'pod install' or update your CocoaPods installation.\" >&2\n    exit 1\nfi\n# This output is used by Xcode 'outputs' to avoid re-running this script phase.\necho \"SUCCESS\" > \"${SCRIPT_OUTPUT_FILE_0}\"\n";
			showEnvVarsInLog = 0;
		};
/* End PBXShellScriptBuildPhase section */

/* Begin PBXSourcesBuildPhase section */
		A4108B3F221EC7CA00D2CE2C /* Sources */ = {
			isa = PBXSourcesBuildPhase;
			buildActionMask = 2147483647;
			files = (
				A4108B61221EEA3F00D2CE2C /* EnrollmentViewController.swift in Sources */,
				A4108B5B221ED2EC00D2CE2C /* LoginViewController.swift in Sources */,
				A4108B49221EC7CA00D2CE2C /* WelcomeViewController.swift in Sources */,
				A4108B47221EC7CA00D2CE2C /* AppDelegate.swift in Sources */,
				A4108B662220700900D2CE2C /* Constants.swift in Sources */,
				A4108B5D221EDFCE00D2CE2C /* RegisterViewController.swift in Sources */,
				A4108B5F221EE1E100D2CE2C /* DistributionViewController.swift in Sources */,
			);
			runOnlyForDeploymentPostprocessing = 0;
		};
/* End PBXSourcesBuildPhase section */

/* Begin PBXVariantGroup section */
		A4108B4A221EC7CA00D2CE2C /* Main.storyboard */ = {
			isa = PBXVariantGroup;
			children = (
				A4108B4B221EC7CA00D2CE2C /* Base */,
			);
			name = Main.storyboard;
			sourceTree = "<group>";
		};
		A4108B4F221EC7CB00D2CE2C /* LaunchScreen.storyboard */ = {
			isa = PBXVariantGroup;
			children = (
				A4108B50221EC7CB00D2CE2C /* Base */,
			);
			name = LaunchScreen.storyboard;
			sourceTree = "<group>";
		};
/* End PBXVariantGroup section */

/* Begin XCBuildConfiguration section */
		A4108B53221EC7CB00D2CE2C /* Debug */ = {
			isa = XCBuildConfiguration;
			buildSettings = {
				ALWAYS_SEARCH_USER_PATHS = NO;
				CLANG_ANALYZER_NONNULL = YES;
				CLANG_ANALYZER_NUMBER_OBJECT_CONVERSION = YES_AGGRESSIVE;
				CLANG_CXX_LANGUAGE_STANDARD = "gnu++14";
				CLANG_CXX_LIBRARY = "libc++";
				CLANG_ENABLE_MODULES = YES;
				CLANG_ENABLE_OBJC_ARC = YES;
				CLANG_ENABLE_OBJC_WEAK = YES;
				CLANG_WARN_BLOCK_CAPTURE_AUTORELEASING = YES;
				CLANG_WARN_BOOL_CONVERSION = YES;
				CLANG_WARN_COMMA = YES;
				CLANG_WARN_CONSTANT_CONVERSION = YES;
				CLANG_WARN_DEPRECATED_OBJC_IMPLEMENTATIONS = YES;
				CLANG_WARN_DIRECT_OBJC_ISA_USAGE = YES_ERROR;
				CLANG_WARN_DOCUMENTATION_COMMENTS = YES;
				CLANG_WARN_EMPTY_BODY = YES;
				CLANG_WARN_ENUM_CONVERSION = YES;
				CLANG_WARN_INFINITE_RECURSION = YES;
				CLANG_WARN_INT_CONVERSION = YES;
				CLANG_WARN_NON_LITERAL_NULL_CONVERSION = YES;
				CLANG_WARN_OBJC_IMPLICIT_RETAIN_SELF = YES;
				CLANG_WARN_OBJC_LITERAL_CONVERSION = YES;
				CLANG_WARN_OBJC_ROOT_CLASS = YES_ERROR;
				CLANG_WARN_RANGE_LOOP_ANALYSIS = YES;
				CLANG_WARN_STRICT_PROTOTYPES = YES;
				CLANG_WARN_SUSPICIOUS_MOVE = YES;
				CLANG_WARN_UNGUARDED_AVAILABILITY = YES_AGGRESSIVE;
				CLANG_WARN_UNREACHABLE_CODE = YES;
				CLANG_WARN__DUPLICATE_METHOD_MATCH = YES;
				CODE_SIGN_IDENTITY = "iPhone Developer";
				COPY_PHASE_STRIP = NO;
				DEBUG_INFORMATION_FORMAT = dwarf;
				ENABLE_STRICT_OBJC_MSGSEND = YES;
				ENABLE_TESTABILITY = YES;
				GCC_C_LANGUAGE_STANDARD = gnu11;
				GCC_DYNAMIC_NO_PIC = NO;
				GCC_NO_COMMON_BLOCKS = YES;
				GCC_OPTIMIZATION_LEVEL = 0;
				GCC_PREPROCESSOR_DEFINITIONS = (
					"DEBUG=1",
					"$(inherited)",
				);
				GCC_WARN_64_TO_32_BIT_CONVERSION = YES;
				GCC_WARN_ABOUT_RETURN_TYPE = YES_ERROR;
				GCC_WARN_UNDECLARED_SELECTOR = YES;
				GCC_WARN_UNINITIALIZED_AUTOS = YES_AGGRESSIVE;
				GCC_WARN_UNUSED_FUNCTION = YES;
				GCC_WARN_UNUSED_VARIABLE = YES;
				IPHONEOS_DEPLOYMENT_TARGET = 12.1;
				MTL_ENABLE_DEBUG_INFO = INCLUDE_SOURCE;
				MTL_FAST_MATH = YES;
				ONLY_ACTIVE_ARCH = YES;
				SDKROOT = iphoneos;
				SWIFT_ACTIVE_COMPILATION_CONDITIONS = DEBUG;
				SWIFT_OPTIMIZATION_LEVEL = "-Onone";
			};
			name = Debug;
		};
		A4108B54221EC7CB00D2CE2C /* Release */ = {
			isa = XCBuildConfiguration;
			buildSettings = {
				ALWAYS_SEARCH_USER_PATHS = NO;
				CLANG_ANALYZER_NONNULL = YES;
				CLANG_ANALYZER_NUMBER_OBJECT_CONVERSION = YES_AGGRESSIVE;
				CLANG_CXX_LANGUAGE_STANDARD = "gnu++14";
				CLANG_CXX_LIBRARY = "libc++";
				CLANG_ENABLE_MODULES = YES;
				CLANG_ENABLE_OBJC_ARC = YES;
				CLANG_ENABLE_OBJC_WEAK = YES;
				CLANG_WARN_BLOCK_CAPTURE_AUTORELEASING = YES;
				CLANG_WARN_BOOL_CONVERSION = YES;
				CLANG_WARN_COMMA = YES;
				CLANG_WARN_CONSTANT_CONVERSION = YES;
				CLANG_WARN_DEPRECATED_OBJC_IMPLEMENTATIONS = YES;
				CLANG_WARN_DIRECT_OBJC_ISA_USAGE = YES_ERROR;
				CLANG_WARN_DOCUMENTATION_COMMENTS = YES;
				CLANG_WARN_EMPTY_BODY = YES;
				CLANG_WARN_ENUM_CONVERSION = YES;
				CLANG_WARN_INFINITE_RECURSION = YES;
				CLANG_WARN_INT_CONVERSION = YES;
				CLANG_WARN_NON_LITERAL_NULL_CONVERSION = YES;
				CLANG_WARN_OBJC_IMPLICIT_RETAIN_SELF = YES;
				CLANG_WARN_OBJC_LITERAL_CONVERSION = YES;
				CLANG_WARN_OBJC_ROOT_CLASS = YES_ERROR;
				CLANG_WARN_RANGE_LOOP_ANALYSIS = YES;
				CLANG_WARN_STRICT_PROTOTYPES = YES;
				CLANG_WARN_SUSPICIOUS_MOVE = YES;
				CLANG_WARN_UNGUARDED_AVAILABILITY = YES_AGGRESSIVE;
				CLANG_WARN_UNREACHABLE_CODE = YES;
				CLANG_WARN__DUPLICATE_METHOD_MATCH = YES;
				CODE_SIGN_IDENTITY = "iPhone Developer";
				COPY_PHASE_STRIP = NO;
				DEBUG_INFORMATION_FORMAT = "dwarf-with-dsym";
				ENABLE_NS_ASSERTIONS = NO;
				ENABLE_STRICT_OBJC_MSGSEND = YES;
				GCC_C_LANGUAGE_STANDARD = gnu11;
				GCC_NO_COMMON_BLOCKS = YES;
				GCC_WARN_64_TO_32_BIT_CONVERSION = YES;
				GCC_WARN_ABOUT_RETURN_TYPE = YES_ERROR;
				GCC_WARN_UNDECLARED_SELECTOR = YES;
				GCC_WARN_UNINITIALIZED_AUTOS = YES_AGGRESSIVE;
				GCC_WARN_UNUSED_FUNCTION = YES;
				GCC_WARN_UNUSED_VARIABLE = YES;
				IPHONEOS_DEPLOYMENT_TARGET = 12.1;
				MTL_ENABLE_DEBUG_INFO = NO;
				MTL_FAST_MATH = YES;
				SDKROOT = iphoneos;
				SWIFT_COMPILATION_MODE = wholemodule;
				SWIFT_OPTIMIZATION_LEVEL = "-O";
				VALIDATE_PRODUCT = YES;
			};
			name = Release;
		};
		A4108B56221EC7CB00D2CE2C /* Debug */ = {
			isa = XCBuildConfiguration;
			baseConfigurationReference = E067FC7FC060755CC68C54FB /* Pods-ProjectBeetz.debug.xcconfig */;
			buildSettings = {
				ASSETCATALOG_COMPILER_APPICON_NAME = AppIcon;
				CODE_SIGN_STYLE = Automatic;
				DEVELOPMENT_TEAM = 453LMU8T83;
				INFOPLIST_FILE = ProjectBeetz/Info.plist;
				LD_RUNPATH_SEARCH_PATHS = (
					"$(inherited)",
					"@executable_path/Frameworks",
				);
				PRODUCT_BUNDLE_IDENTIFIER = com.aaronlee.ProjectBeetz;
				PRODUCT_NAME = "$(TARGET_NAME)";
				SWIFT_VERSION = 4.2;
				TARGETED_DEVICE_FAMILY = "1,2";
			};
			name = Debug;
		};
		A4108B57221EC7CB00D2CE2C /* Release */ = {
			isa = XCBuildConfiguration;
			baseConfigurationReference = F38066E879D6E615D85BF696 /* Pods-ProjectBeetz.release.xcconfig */;
			buildSettings = {
				ASSETCATALOG_COMPILER_APPICON_NAME = AppIcon;
				CODE_SIGN_STYLE = Automatic;
				DEVELOPMENT_TEAM = 453LMU8T83;
				INFOPLIST_FILE = ProjectBeetz/Info.plist;
				LD_RUNPATH_SEARCH_PATHS = (
					"$(inherited)",
					"@executable_path/Frameworks",
				);
				PRODUCT_BUNDLE_IDENTIFIER = com.aaronlee.ProjectBeetz;
				PRODUCT_NAME = "$(TARGET_NAME)";
				SWIFT_VERSION = 4.2;
				TARGETED_DEVICE_FAMILY = "1,2";
			};
			name = Release;
		};
/* End XCBuildConfiguration section */

/* Begin XCConfigurationList section */
		A4108B3E221EC7CA00D2CE2C /* Build configuration list for PBXProject "ProjectBeetz" */ = {
			isa = XCConfigurationList;
			buildConfigurations = (
				A4108B53221EC7CB00D2CE2C /* Debug */,
				A4108B54221EC7CB00D2CE2C /* Release */,
			);
			defaultConfigurationIsVisible = 0;
			defaultConfigurationName = Release;
		};
		A4108B55221EC7CB00D2CE2C /* Build configuration list for PBXNativeTarget "ProjectBeetz" */ = {
			isa = XCConfigurationList;
			buildConfigurations = (
				A4108B56221EC7CB00D2CE2C /* Debug */,
				A4108B57221EC7CB00D2CE2C /* Release */,
			);
			defaultConfigurationIsVisible = 0;
			defaultConfigurationName = Release;
		};
/* End XCConfigurationList section */
	};
	rootObject = A4108B3B221EC7CA00D2CE2C /* Project object */;
}
